
Microsoft Visual Studio Solution File, Format Version 12.00
# Visual Studio Version 17
VisualStudioVersion = 17.0.32112.339
MinimumVisualStudioVersion = 10.0.40219.1
Project("{FAE04EC0-301F-11D3-BF4B-00C04F79EFBC}") = "ProjetoTeste", "ProjetoTeste\ProjetoTeste.csproj", "{AAD66DCA-CC45-4F39-AE78-E30A7B52E578}"
EndProject
Project("{FAE04EC0-301F-11D3-BF4B-00C04F79EFBC}") = "TestMSTest", "TestMSTest\TestMSTest.csproj", "{5E695E5D-ECBA-4536-BDD7-4F13BE4135EE}"
EndProject
Project("{FAE04EC0-301F-11D3-BF4B-00C04F79EFBC}") = "TestXunit", "TestXunit\TestXunit.csproj", "{F47DAA5A-AFD4-47AA-B406-7F9C9FF97342}"
EndProject
Global
	GlobalSection(SolutionConfigurationPlatforms) = preSolution
		Debug|Any CPU = Debug|Any CPU
		Release|Any CPU = Release|Any CPU
	EndGlobalSection
	GlobalSection(ProjectConfigurationPlatforms) = postSolution
		{AAD66DCA-CC45-4F39-AE78-E30A7B52E578}.Debug|Any CPU.ActiveCfg = Debug|Any CPU
		{AAD66DCA-CC45-4F39-AE78-E30A7B52E578}.Debug|Any CPU.Build.0 = Debug|Any CPU
		{AAD66DCA-CC45-4F39-AE78-E30A7B52E578}.Release|Any CPU.ActiveCfg = Release|Any CPU
		{AAD66DCA-CC45-4F39-AE78-E30A7B52E578}.Release|Any CPU.Build.0 = Release|Any CPU
		{5E695E5D-ECBA-4536-BDD7-4F13BE4135EE}.Debug|Any CPU.ActiveCfg = Debug|Any CPU
		{5E695E5D-ECBA-4536-BDD7-4F13BE4135EE}.Debug|Any CPU.Build.0 = Debug|Any CPU
		{5E695E5D-ECBA-4536-BDD7-4F13BE4135EE}.Release|Any CPU.ActiveCfg = Release|Any CPU
		{5E695E5D-ECBA-4536-BDD7-4F13BE4135EE}.Release|Any CPU.Build.0 = Release|Any CPU
		{F47DAA5A-AFD4-47AA-B406-7F9C9FF97342}.Debug|Any CPU.ActiveCfg = Debug|Any CPU
		{F47DAA5A-AFD4-47AA-B406-7F9C9FF97342}.Debug|Any CPU.Build.0 = Debug|Any CPU
		{F47DAA5A-AFD4-47AA-B406-7F9C9FF97342}.Release|Any CPU.ActiveCfg = Release|Any CPU
		{F47DAA5A-AFD4-47AA-B406-7F9C9FF97342}.Release|Any CPU.Build.0 = Release|Any CPU
	EndGlobalSection
	GlobalSection(SolutionProperties) = preSolution
		HideSolutionNode = FALSE
	EndGlobalSection
	GlobalSection(ExtensibilityGlobals) = postSolution
		SolutionGuid = {38566D65-D566-4726-8FF2-B83F96B74CA4}
	EndGlobalSection
EndGlobal
